
Microsoft Visual Studio Solution File, Format Version 12.00
# Visual Studio Version 17
VisualStudioVersion = 17.2.32616.157
MinimumVisualStudioVersion = 10.0.40219.1
Project("{FAE04EC0-301F-11D3-BF4B-00C04F79EFBC}") = "GHotKey", "GHotKey\GHotKey.csproj", "{FD58CAA1-D779-414E-81B4-4E7906AAE289}"
EndProject
Project("{FAE04EC0-301F-11D3-BF4B-00C04F79EFBC}") = "MinPlayer", "MinPlayer\MinPlayer.csproj", "{3698C608-D07E-4646-B77B-0A06B7432DC5}"
EndProject
Project("{FAE04EC0-301F-11D3-BF4B-00C04F79EFBC}") = "QuickTrayPlayer", "QuickTrayPlayer\QuickTrayPlayer.csproj", "{53775E1A-D00F-4949-8594-E05E64A2A0A8}"
EndProject
Global
	GlobalSection(SolutionConfigurationPlatforms) = preSolution
		Debug|Any CPU = Debug|Any CPU
		Release|Any CPU = Release|Any CPU
	EndGlobalSection
	GlobalSection(ProjectConfigurationPlatforms) = postSolution
		{FD58CAA1-D779-414E-81B4-4E7906AAE289}.Debug|Any CPU.ActiveCfg = Debug|Any CPU
		{FD58CAA1-D779-414E-81B4-4E7906AAE289}.Debug|Any CPU.Build.0 = Debug|Any CPU
		{FD58CAA1-D779-414E-81B4-4E7906AAE289}.Release|Any CPU.ActiveCfg = Release|Any CPU
		{FD58CAA1-D779-414E-81B4-4E7906AAE289}.Release|Any CPU.Build.0 = Release|Any CPU
		{3698C608-D07E-4646-B77B-0A06B7432DC5}.Debug|Any CPU.ActiveCfg = Debug|Any CPU
		{3698C608-D07E-4646-B77B-0A06B7432DC5}.Debug|Any CPU.Build.0 = Debug|Any CPU
		{3698C608-D07E-4646-B77B-0A06B7432DC5}.Release|Any CPU.ActiveCfg = Release|Any CPU
		{3698C608-D07E-4646-B77B-0A06B7432DC5}.Release|Any CPU.Build.0 = Release|Any CPU
		{53775E1A-D00F-4949-8594-E05E64A2A0A8}.Debug|Any CPU.ActiveCfg = Debug|Any CPU
		{53775E1A-D00F-4949-8594-E05E64A2A0A8}.Debug|Any CPU.Build.0 = Debug|Any CPU
		{53775E1A-D00F-4949-8594-E05E64A2A0A8}.Release|Any CPU.ActiveCfg = Release|Any CPU
		{53775E1A-D00F-4949-8594-E05E64A2A0A8}.Release|Any CPU.Build.0 = Release|Any CPU
	EndGlobalSection
	GlobalSection(SolutionProperties) = preSolution
		HideSolutionNode = FALSE
	EndGlobalSection
	GlobalSection(ExtensibilityGlobals) = postSolution
		SolutionGuid = {019C2C04-F6A7-44E8-B709-2942819AC8A0}
	EndGlobalSection
EndGlobal
